[[package]]
name = 'core'
dependencies = []

[[package]]
name = 'std'
source = 'git+https://github.com/fuellabs/sway?tag=v0.10.1#5c85d2b712975669d238233297443557969dec43'
dependencies = ['core']

[[package]]
name = 'struct_inside_enum'
dependencies = ['std git+https://github.com/fuellabs/sway?tag=v0.10.1#5c85d2b712975669d238233297443557969dec43']
