[[package]]
name = 'contract_test'
dependencies = ['std git+https://github.com/FuelLabs/sway?branch=master#8bff08606ec3d9707d0052cc91ff86071f1f4ad5']

[[package]]
name = 'core'
dependencies = []

[[package]]
name = 'std'
source = 'git+https://github.com/FuelLabs/sway?branch=master#8bff08606ec3d9707d0052cc91ff86071f1f4ad5'
dependencies = ['core']
