[[package]]
name = 'core'
source = 'git+http://github.com/FuelLabs/sway-lib-core?reference=master#c331ed20ebc9d646acec6b8ee8f408627ce3b573'
dependencies = []

[[package]]
name = 'foo'
dependencies = [
    'core git+http://github.com/FuelLabs/sway-lib-core?reference=master#c331ed20ebc9d646acec6b8ee8f408627ce3b573',
    'std git+http://github.com/FuelLabs/sway-lib-std?reference=master#10c463d321b39005c34237ac7f44ecb527aad992',
]

[[package]]
name = 'foo-contract'
dependencies = [
    'core git+http://github.com/FuelLabs/sway-lib-core?reference=master#c331ed20ebc9d646acec6b8ee8f408627ce3b573',
    'foo',
    'std git+http://github.com/FuelLabs/sway-lib-std?reference=master#10c463d321b39005c34237ac7f44ecb527aad992',
]

[[package]]
name = 'std'
source = 'git+http://github.com/FuelLabs/sway-lib-std?reference=master#10c463d321b39005c34237ac7f44ecb527aad992'
dependencies = ['core git+http://github.com/FuelLabs/sway-lib-core?reference=master#c331ed20ebc9d646acec6b8ee8f408627ce3b573']
