[[package]]
name = 'contract_output_test'
dependencies = [
    '(increment_abi) library_test',
    'std git+https://github.com/fuellabs/sway?tag=v0.11.0#95816e4e41aae1d3425ba6ff5e7266076d8400fa',
]

[[package]]
name = 'core'
dependencies = []

[[package]]
name = 'library_test'
dependencies = ['std git+https://github.com/FuelLabs/sway?branch=master#95816e4e41aae1d3425ba6ff5e7266076d8400fa']

[[package]]
name = 'std'
source = 'git+https://github.com/FuelLabs/sway?branch=master#95816e4e41aae1d3425ba6ff5e7266076d8400fa'
dependencies = ['core']

[[package]]
name = 'std'
source = 'git+https://github.com/fuellabs/sway?tag=v0.11.0#95816e4e41aae1d3425ba6ff5e7266076d8400fa'
dependencies = ['core']
