[[package]]
name = 'core'
dependencies = []

[[package]]
name = 'enum_inside_struct'
dependencies = ['std git+https://github.com/fuellabs/sway?tag=v0.10.1#5c85d2b712975669d238233297443557969dec43']

[[package]]
name = 'std'
source = 'git+https://github.com/fuellabs/sway?tag=v0.10.1#5c85d2b712975669d238233297443557969dec43'
dependencies = ['core']
