[[package]]
name = 'core'
dependencies = []

[[package]]
name = 'std'
source = 'git+https://github.com/FuelLabs/sway?branch=master#df39c3913602558a38bed5ddb20dae11b38227fa'
dependencies = ['core']

[[package]]
name = 'two_structs'
dependencies = ['std git+https://github.com/FuelLabs/sway?branch=master#df39c3913602558a38bed5ddb20dae11b38227fa']
