[[package]]
name = 'auth_testing_abi'
dependencies = ['std git+https://github.com/FuelLabs/sway?branch=master#35cac1b6b4a1ca21e2b617d9334dcafa1363f737']

[[package]]
name = 'auth_testing_contract'
dependencies = [
    'auth_testing_abi',
    'std git+https://github.com/FuelLabs/sway?branch=master#35cac1b6b4a1ca21e2b617d9334dcafa1363f737',
]

[[package]]
name = 'core'
dependencies = []

[[package]]
name = 'std'
source = 'git+https://github.com/FuelLabs/sway?branch=master#35cac1b6b4a1ca21e2b617d9334dcafa1363f737'
dependencies = ['core']
