[[package]]
name = 'asserts'
source = 'member'
dependencies = ['std']

[[package]]
name = 'auth_testing_abi'
source = 'member'
dependencies = ['std']

[[package]]
name = 'auth_testing_contract'
source = 'member'
dependencies = [
    'auth_testing_abi',
    'std',
]

[[package]]
name = 'b512'
source = 'member'
dependencies = ['std']

[[package]]
name = 'basic_script'
source = 'member'
dependencies = ['std']

[[package]]
name = 'call_empty_return'
source = 'member'
dependencies = ['std']

[[package]]
name = 'complex_types_contract'
source = 'member'
dependencies = ['std']

[[package]]
name = 'contract_a'
source = 'member'
dependencies = [
    'shared_lib',
    'std',
]

[[package]]
name = 'contract_b'
source = 'member'
dependencies = [
    'shared_lib',
    'std',
]

[[package]]
name = 'contract_logs'
source = 'member'
dependencies = [
    '(contract_logs) contract_logs_abi',
    'std',
]

[[package]]
name = 'contract_logs_abi'
source = 'member'
dependencies = ['std']

[[package]]
name = 'contract_output_test'
source = 'member'
dependencies = ['std']

[[package]]
name = 'contract_raw_slice'
source = 'member'
dependencies = ['std']

[[package]]
name = 'contract_require_abi'
source = 'member'
dependencies = ['std']

[[package]]
name = 'contract_storage_test'
source = 'member'
dependencies = ['std']

[[package]]
name = 'contract_test'
source = 'member'
dependencies = [
    '(increment_abi) library_test',
    'std',
]

[[package]]
name = 'contract_with_contract_logs'
source = 'member'
dependencies = [
    '(library) contract_logs_abi',
    'std',
]

[[package]]
name = 'core'
source = 'path+from-root-CA3483713FB5F317'

[[package]]
name = 'empty_arguments'
source = 'member'
dependencies = ['std']

[[package]]
name = 'enum_as_input'
source = 'member'
dependencies = ['std']

[[package]]
name = 'enum_encoding'
source = 'member'
dependencies = ['std']

[[package]]
name = 'enum_inside_struct'
source = 'member'
dependencies = ['std']

[[package]]
name = 'evm_address'
source = 'member'
dependencies = ['std']

[[package]]
name = 'generics'
source = 'member'
dependencies = ['std']

[[package]]
name = 'identity'
source = 'member'
dependencies = ['std']

[[package]]
name = 'large_return_data'
source = 'member'
dependencies = ['std']

[[package]]
name = 'lib_contract'
source = 'member'
dependencies = [
    '(lib_contract) lib_contract_abi',
    'std',
]

[[package]]
name = 'lib_contract_abi'
source = 'member'
dependencies = ['std']

[[package]]
name = 'lib_contract_caller'
source = 'member'
dependencies = [
    '(lib_contract) lib_contract_abi',
    'std',
]

[[package]]
name = 'library_test'
source = 'member'
dependencies = ['std']

[[package]]
name = 'liquidity_pool'
source = 'member'
dependencies = ['std']

[[package]]
name = 'msg_amount'
source = 'member'
dependencies = ['std']

[[package]]
name = 'multiple_read_calls'
source = 'member'
dependencies = ['std']

[[package]]
name = 'native_types'
source = 'member'
dependencies = ['std']

[[package]]
name = 'nested_structs'
source = 'member'
dependencies = ['std']

[[package]]
name = 'options'
source = 'member'
dependencies = ['std']

[[package]]
name = 'payable_annotation'
source = 'member'
dependencies = ['std']

[[package]]
name = 'predicate_address'
source = 'member'
dependencies = ['std']

[[package]]
name = 'predicate_basic'
source = 'member'
dependencies = ['std']

[[package]]
name = 'predicate_enums'
source = 'member'
dependencies = ['std']

[[package]]
name = 'predicate_generics'
source = 'member'
dependencies = ['std']

[[package]]
name = 'predicate_signatures'
source = 'member'
dependencies = ['std']

[[package]]
name = 'predicate_structs'
source = 'member'
dependencies = ['std']

[[package]]
name = 'predicate_tuple'
source = 'member'
dependencies = ['std']

[[package]]
name = 'predicate_u64'
source = 'member'
dependencies = ['std']

[[package]]
name = 'predicate_vector'
source = 'member'
dependencies = ['std']

[[package]]
name = 'predicate_vectors'
source = 'member'
dependencies = ['std']

[[package]]
name = 'require'
source = 'member'
dependencies = ['std']

[[package]]
name = 'require_from_contract'
source = 'member'
dependencies = [
    '(library) contract_require_abi',
    'std',
]

[[package]]
name = 'results'
source = 'member'
dependencies = ['std']

[[package]]
name = 'revert_transaction_error'
source = 'member'
dependencies = ['std']

[[package]]
name = 'script_asserts'
source = 'member'
dependencies = ['std']

[[package]]
name = 'script_generic_types'
source = 'member'
dependencies = ['std']

[[package]]
name = 'script_logs'
source = 'member'
dependencies = ['std']

[[package]]
name = 'script_option_result_types'
source = 'member'
dependencies = ['std']

[[package]]
name = 'script_raw_slice'
source = 'member'
dependencies = ['std']

[[package]]
name = 'script_require'
source = 'member'
dependencies = ['std']

[[package]]
name = 'script_require_from_contract'
source = 'member'
dependencies = [
    '(library) lib_contract_abi',
    'std',
]

[[package]]
name = 'script_tuple_types'
source = 'member'
dependencies = ['std']

[[package]]
name = 'script_vector'
source = 'member'
dependencies = ['std']

[[package]]
name = 'script_vectors'
source = 'member'
dependencies = ['std']

[[package]]
name = 'script_with_arguments'
source = 'member'
dependencies = ['std']

[[package]]
name = 'script_with_contract_logs'
source = 'member'
dependencies = [
    '(library) contract_logs_abi',
    'std',
]

[[package]]
name = 'shared_lib'
source = 'member'
dependencies = ['std']

[[package]]
name = 'simple_contract'
source = 'member'
dependencies = ['std']

[[package]]
name = 'std'
source = 'git+https://github.com/fuellabs/sway?tag=v0.35.0#b6f19a3be7b2fb5ef88e358a926854dac10cb281'
dependencies = ['core']

[[package]]
name = 'str_in_array'
source = 'member'
dependencies = ['std']

[[package]]
name = 'token_ops'
source = 'member'
dependencies = ['std']

[[package]]
name = 'transaction_block_height'
source = 'member'
dependencies = ['std']

[[package]]
name = 'tuples'
source = 'member'
dependencies = ['std']

[[package]]
name = 'two_structs'
source = 'member'
dependencies = ['std']

[[package]]
name = 'type_inside_enum'
source = 'member'
dependencies = ['std']

[[package]]
name = 'vectors'
source = 'member'
dependencies = ['std']
