[[package]]
name = 'core'
dependencies = []

[[package]]
name = 'std'
source = 'git+https://github.com/fuellabs/sway?tag=v0.12.1#a03a5d1c068a91779e5ce08eead6c4626de2eb0d'
dependencies = ['core']

[[package]]
name = 'use_enum_input'
dependencies = ['std git+https://github.com/fuellabs/sway?tag=v0.12.1#a03a5d1c068a91779e5ce08eead6c4626de2eb0d']
