[[package]]
name = 'core'
dependencies = []

[[package]]
name = 'library_test'
dependencies = ['std git+https://github.com/FuelLabs/sway?branch=master#8bff08606ec3d9707d0052cc91ff86071f1f4ad5']

[[package]]
name = 'script_test'
dependencies = [
    '(increment_abi) library_test',
    'std git+https://github.com/FuelLabs/sway?branch=master#8bff08606ec3d9707d0052cc91ff86071f1f4ad5',
]

[[package]]
name = 'std'
source = 'git+https://github.com/FuelLabs/sway?branch=master#8bff08606ec3d9707d0052cc91ff86071f1f4ad5'
dependencies = ['core']
